{
  "name": "EmailHelper",
  "lockfileVersion": 3,
  "requires": true,
  "packages": {
    "": {
      "dependencies": {
        "gmail-js": "^1.1.16"
      }
    },
    "node_modules/gmail-js": {
      "version": "1.1.16",
      "resolved": "https://registry.npmjs.org/gmail-js/-/gmail-js-1.1.16.tgz",
      "integrity": "sha512-lSp3PA08sYlhcWkTXok2UyPLUXpNAXntqNSaDVmOA+aLRvDSy/CP4ZpAyX2vLVS2vVItvOadnuusImAjgRbHRA==",
      "license": "MIT"
    }
  }
}
